
Microsoft Visual Studio Solution File, Format Version 12.00
# Visual Studio Version 16
VisualStudioVersion = 16.0.30330.147
MinimumVisualStudioVersion = 10.0.40219.1
Project("{FAE04EC0-301F-11D3-BF4B-00C04F79EFBC}") = "EmpCRUDApi", "EmpCRUDApi\EmpCRUDApi.csproj", "{DD4BC7FA-0B16-474C-AB2A-37CA98736A3D}"
EndProject
Global
	GlobalSection(SolutionConfigurationPlatforms) = preSolution
		Debug|Any CPU = Debug|Any CPU
		Release|Any CPU = Release|Any CPU
	EndGlobalSection
	GlobalSection(ProjectConfigurationPlatforms) = postSolution
		{DD4BC7FA-0B16-474C-AB2A-37CA98736A3D}.Debug|Any CPU.ActiveCfg = Debug|Any CPU
		{DD4BC7FA-0B16-474C-AB2A-37CA98736A3D}.Debug|Any CPU.Build.0 = Debug|Any CPU
		{DD4BC7FA-0B16-474C-AB2A-37CA98736A3D}.Release|Any CPU.ActiveCfg = Release|Any CPU
		{DD4BC7FA-0B16-474C-AB2A-37CA98736A3D}.Release|Any CPU.Build.0 = Release|Any CPU
	EndGlobalSection
	GlobalSection(SolutionProperties) = preSolution
		HideSolutionNode = FALSE
	EndGlobalSection
	GlobalSection(ExtensibilityGlobals) = postSolution
		SolutionGuid = {1F107A5C-8391-434A-BEDF-43F8A6CBA596}
	EndGlobalSection
EndGlobal
