
Microsoft Visual Studio Solution File, Format Version 12.00
# Visual Studio 15
VisualStudioVersion = 15.0.28307.1209
MinimumVisualStudioVersion = 10.0.40219.1
Project("{FAE04EC0-301F-11D3-BF4B-00C04F79EFBC}") = "WCF", "WCF\WCF.csproj", "{03A84050-02EF-4EF4-9777-0E13E3958F15}"
EndProject
Project("{FAE04EC0-301F-11D3-BF4B-00C04F79EFBC}") = "MVC", "MVC\MVC.csproj", "{D9FC2061-B0A4-4983-8BC1-9E4544BAFE58}"
	ProjectSection(ProjectDependencies) = postProject
		{03A84050-02EF-4EF4-9777-0E13E3958F15} = {03A84050-02EF-4EF4-9777-0E13E3958F15}
	EndProjectSection
EndProject
Global
	GlobalSection(SolutionConfigurationPlatforms) = preSolution
		Debug|Any CPU = Debug|Any CPU
		Release|Any CPU = Release|Any CPU
	EndGlobalSection
	GlobalSection(ProjectConfigurationPlatforms) = postSolution
		{03A84050-02EF-4EF4-9777-0E13E3958F15}.Debug|Any CPU.ActiveCfg = Debug|Any CPU
		{03A84050-02EF-4EF4-9777-0E13E3958F15}.Debug|Any CPU.Build.0 = Debug|Any CPU
		{03A84050-02EF-4EF4-9777-0E13E3958F15}.Release|Any CPU.ActiveCfg = Release|Any CPU
		{03A84050-02EF-4EF4-9777-0E13E3958F15}.Release|Any CPU.Build.0 = Release|Any CPU
		{D9FC2061-B0A4-4983-8BC1-9E4544BAFE58}.Debug|Any CPU.ActiveCfg = Debug|Any CPU
		{D9FC2061-B0A4-4983-8BC1-9E4544BAFE58}.Debug|Any CPU.Build.0 = Debug|Any CPU
		{D9FC2061-B0A4-4983-8BC1-9E4544BAFE58}.Release|Any CPU.ActiveCfg = Release|Any CPU
		{D9FC2061-B0A4-4983-8BC1-9E4544BAFE58}.Release|Any CPU.Build.0 = Release|Any CPU
	EndGlobalSection
	GlobalSection(SolutionProperties) = preSolution
		HideSolutionNode = FALSE
	EndGlobalSection
	GlobalSection(ExtensibilityGlobals) = postSolution
		SolutionGuid = {A9F2F223-DA25-4BE3-B755-FD635102570E}
	EndGlobalSection
EndGlobal
