
Microsoft Visual Studio Solution File, Format Version 12.00
# Visual Studio Version 16
VisualStudioVersion = 16.0.30330.147
MinimumVisualStudioVersion = 10.0.40219.1
Project("{FAE04EC0-301F-11D3-BF4B-00C04F79EFBC}") = "MvcEntityFrameWorkApp2", "MvcEntityFrameWorkApp2\MvcEntityFrameWorkApp2.csproj", "{CC04CD22-135B-416B-849B-0FFB4F4F60CC}"
EndProject
Global
	GlobalSection(SolutionConfigurationPlatforms) = preSolution
		Debug|Any CPU = Debug|Any CPU
		Release|Any CPU = Release|Any CPU
	EndGlobalSection
	GlobalSection(ProjectConfigurationPlatforms) = postSolution
		{CC04CD22-135B-416B-849B-0FFB4F4F60CC}.Debug|Any CPU.ActiveCfg = Debug|Any CPU
		{CC04CD22-135B-416B-849B-0FFB4F4F60CC}.Debug|Any CPU.Build.0 = Debug|Any CPU
		{CC04CD22-135B-416B-849B-0FFB4F4F60CC}.Release|Any CPU.ActiveCfg = Release|Any CPU
		{CC04CD22-135B-416B-849B-0FFB4F4F60CC}.Release|Any CPU.Build.0 = Release|Any CPU
	EndGlobalSection
	GlobalSection(SolutionProperties) = preSolution
		HideSolutionNode = FALSE
	EndGlobalSection
	GlobalSection(ExtensibilityGlobals) = postSolution
		SolutionGuid = {96F99545-C220-4CE8-BC45-9BA7BCBED9F6}
	EndGlobalSection
EndGlobal
