
Microsoft Visual Studio Solution File, Format Version 12.00
# Visual Studio 15
VisualStudioVersion = 15.0.28307.1209
MinimumVisualStudioVersion = 10.0.40219.1
Project("{FAE04EC0-301F-11D3-BF4B-00C04F79EFBC}") = "WebServices_Interfaces", "WebServices_Interfaces\WebServices_Interfaces.csproj", "{DABE2E5F-F212-4213-AE76-5BA9DC344868}"
EndProject
Project("{FAE04EC0-301F-11D3-BF4B-00C04F79EFBC}") = "WebServices_DataSources", "WebServices_DataSources\WebServices_DataSources.csproj", "{C31EF2DC-8F4F-4DD9-919A-D42A3A06D298}"
EndProject
Project("{FAE04EC0-301F-11D3-BF4B-00C04F79EFBC}") = "WebServices_Service", "WebServices_Service\WebServices_Service.csproj", "{4DC11BE3-3258-4DF0-B3C8-4EF99D2DAB2B}"
EndProject
Project("{FAE04EC0-301F-11D3-BF4B-00C04F79EFBC}") = "WebServices_HostingAndRunning", "WebServices_HostingAndRunning\WebServices_HostingAndRunning.csproj", "{EC03ED63-914E-4A43-82F6-77BF822D8D1F}"
EndProject
Global
	GlobalSection(SolutionConfigurationPlatforms) = preSolution
		Debug|Any CPU = Debug|Any CPU
		Release|Any CPU = Release|Any CPU
	EndGlobalSection
	GlobalSection(ProjectConfigurationPlatforms) = postSolution
		{DABE2E5F-F212-4213-AE76-5BA9DC344868}.Debug|Any CPU.ActiveCfg = Debug|Any CPU
		{DABE2E5F-F212-4213-AE76-5BA9DC344868}.Debug|Any CPU.Build.0 = Debug|Any CPU
		{DABE2E5F-F212-4213-AE76-5BA9DC344868}.Release|Any CPU.ActiveCfg = Release|Any CPU
		{DABE2E5F-F212-4213-AE76-5BA9DC344868}.Release|Any CPU.Build.0 = Release|Any CPU
		{C31EF2DC-8F4F-4DD9-919A-D42A3A06D298}.Debug|Any CPU.ActiveCfg = Debug|Any CPU
		{C31EF2DC-8F4F-4DD9-919A-D42A3A06D298}.Debug|Any CPU.Build.0 = Debug|Any CPU
		{C31EF2DC-8F4F-4DD9-919A-D42A3A06D298}.Release|Any CPU.ActiveCfg = Release|Any CPU
		{C31EF2DC-8F4F-4DD9-919A-D42A3A06D298}.Release|Any CPU.Build.0 = Release|Any CPU
		{4DC11BE3-3258-4DF0-B3C8-4EF99D2DAB2B}.Debug|Any CPU.ActiveCfg = Debug|Any CPU
		{4DC11BE3-3258-4DF0-B3C8-4EF99D2DAB2B}.Debug|Any CPU.Build.0 = Debug|Any CPU
		{4DC11BE3-3258-4DF0-B3C8-4EF99D2DAB2B}.Release|Any CPU.ActiveCfg = Release|Any CPU
		{4DC11BE3-3258-4DF0-B3C8-4EF99D2DAB2B}.Release|Any CPU.Build.0 = Release|Any CPU
		{EC03ED63-914E-4A43-82F6-77BF822D8D1F}.Debug|Any CPU.ActiveCfg = Debug|Any CPU
		{EC03ED63-914E-4A43-82F6-77BF822D8D1F}.Debug|Any CPU.Build.0 = Debug|Any CPU
		{EC03ED63-914E-4A43-82F6-77BF822D8D1F}.Release|Any CPU.ActiveCfg = Release|Any CPU
		{EC03ED63-914E-4A43-82F6-77BF822D8D1F}.Release|Any CPU.Build.0 = Release|Any CPU
	EndGlobalSection
	GlobalSection(SolutionProperties) = preSolution
		HideSolutionNode = FALSE
	EndGlobalSection
	GlobalSection(ExtensibilityGlobals) = postSolution
		SolutionGuid = {9E743450-CF41-4ACA-9CDE-14EB2946546E}
	EndGlobalSection
EndGlobal
