
Microsoft Visual Studio Solution File, Format Version 12.00
# Visual Studio 15
VisualStudioVersion = 15.0.28307.1209
MinimumVisualStudioVersion = 10.0.40219.1
Project("{FAE04EC0-301F-11D3-BF4B-00C04F79EFBC}") = "DapperCRUDApplication", "DapperCRUDApplication\DapperCRUDApplication.csproj", "{11336B2F-E7F5-44D1-8A2D-91037D020B67}"
EndProject
Global
	GlobalSection(SolutionConfigurationPlatforms) = preSolution
		Debug|Any CPU = Debug|Any CPU
		Release|Any CPU = Release|Any CPU
	EndGlobalSection
	GlobalSection(ProjectConfigurationPlatforms) = postSolution
		{11336B2F-E7F5-44D1-8A2D-91037D020B67}.Debug|Any CPU.ActiveCfg = Debug|Any CPU
		{11336B2F-E7F5-44D1-8A2D-91037D020B67}.Debug|Any CPU.Build.0 = Debug|Any CPU
		{11336B2F-E7F5-44D1-8A2D-91037D020B67}.Release|Any CPU.ActiveCfg = Release|Any CPU
		{11336B2F-E7F5-44D1-8A2D-91037D020B67}.Release|Any CPU.Build.0 = Release|Any CPU
	EndGlobalSection
	GlobalSection(SolutionProperties) = preSolution
		HideSolutionNode = FALSE
	EndGlobalSection
	GlobalSection(ExtensibilityGlobals) = postSolution
		SolutionGuid = {5A0D3565-FF87-4B9B-B3E9-7B92C5D976A2}
	EndGlobalSection
EndGlobal
