
Microsoft Visual Studio Solution File, Format Version 12.00
# Visual Studio Version 16
VisualStudioVersion = 16.0.30114.105
MinimumVisualStudioVersion = 10.0.40219.1
Project("{FAE04EC0-301F-11D3-BF4B-00C04F79EFBC}") = "CoreWebApi", "CoreWebApi\CoreWebApi.csproj", "{3E8B2080-28D9-46E2-AAA4-6AA7AA6C3754}"
EndProject
Global
	GlobalSection(SolutionConfigurationPlatforms) = preSolution
		Debug|Any CPU = Debug|Any CPU
		Release|Any CPU = Release|Any CPU
	EndGlobalSection
	GlobalSection(ProjectConfigurationPlatforms) = postSolution
		{3E8B2080-28D9-46E2-AAA4-6AA7AA6C3754}.Debug|Any CPU.ActiveCfg = Debug|Any CPU
		{3E8B2080-28D9-46E2-AAA4-6AA7AA6C3754}.Debug|Any CPU.Build.0 = Debug|Any CPU
		{3E8B2080-28D9-46E2-AAA4-6AA7AA6C3754}.Release|Any CPU.ActiveCfg = Release|Any CPU
		{3E8B2080-28D9-46E2-AAA4-6AA7AA6C3754}.Release|Any CPU.Build.0 = Release|Any CPU
	EndGlobalSection
	GlobalSection(SolutionProperties) = preSolution
		HideSolutionNode = FALSE
	EndGlobalSection
	GlobalSection(ExtensibilityGlobals) = postSolution
		SolutionGuid = {AB6C611A-CE64-495D-8939-8A84C538EBA0}
	EndGlobalSection
EndGlobal
