
Microsoft Visual Studio Solution File, Format Version 12.00
# Visual Studio 15
VisualStudioVersion = 15.0.28307.1209
MinimumVisualStudioVersion = 10.0.40219.1
Project("{FAE04EC0-301F-11D3-BF4B-00C04F79EFBC}") = "DapperMVC", "DapperMVC\DapperMVC.csproj", "{A9C89345-79AF-4245-857E-74AC5AB0857C}"
EndProject
Global
	GlobalSection(SolutionConfigurationPlatforms) = preSolution
		Debug|Any CPU = Debug|Any CPU
		Release|Any CPU = Release|Any CPU
	EndGlobalSection
	GlobalSection(ProjectConfigurationPlatforms) = postSolution
		{A9C89345-79AF-4245-857E-74AC5AB0857C}.Debug|Any CPU.ActiveCfg = Debug|Any CPU
		{A9C89345-79AF-4245-857E-74AC5AB0857C}.Debug|Any CPU.Build.0 = Debug|Any CPU
		{A9C89345-79AF-4245-857E-74AC5AB0857C}.Release|Any CPU.ActiveCfg = Release|Any CPU
		{A9C89345-79AF-4245-857E-74AC5AB0857C}.Release|Any CPU.Build.0 = Release|Any CPU
	EndGlobalSection
	GlobalSection(SolutionProperties) = preSolution
		HideSolutionNode = FALSE
	EndGlobalSection
	GlobalSection(ExtensibilityGlobals) = postSolution
		SolutionGuid = {8F4098FB-73A6-4987-B2FA-2641517768D3}
	EndGlobalSection
EndGlobal
