
Microsoft Visual Studio Solution File, Format Version 12.00
# Visual Studio Version 16
VisualStudioVersion = 16.0.30804.86
MinimumVisualStudioVersion = 10.0.40219.1
Project("{FAE04EC0-301F-11D3-BF4B-00C04F79EFBC}") = "DoseBookAdmin.Common", "DoseBookAdmin.Common\DoseBookAdmin.Common.csproj", "{6527D98A-A801-42E4-9C85-ED73C0FC772D}"
EndProject
Project("{FAE04EC0-301F-11D3-BF4B-00C04F79EFBC}") = "DoseBookAdmin.Entity", "DoseBookAdmin.Entity\DoseBookAdmin.Entity.csproj", "{889DB56E-92D1-4372-A02C-8B7391E2A724}"
EndProject
Project("{FAE04EC0-301F-11D3-BF4B-00C04F79EFBC}") = "DoseBookAdmin.Dto", "DoseBookAdmin.Dto\DoseBookAdmin.Dto.csproj", "{7103F875-85ED-452A-A1C8-36175DA36BED}"
EndProject
Project("{FAE04EC0-301F-11D3-BF4B-00C04F79EFBC}") = "DoseBookAdmin.WebAdmin", "DoseBookAdmin.WebAdmin\DoseBookAdmin.WebAdmin.csproj", "{2CA11821-F259-4194-BA78-1CFA1F508FAF}"
EndProject
Global
	GlobalSection(SolutionConfigurationPlatforms) = preSolution
		Debug|Any CPU = Debug|Any CPU
		Release|Any CPU = Release|Any CPU
	EndGlobalSection
	GlobalSection(ProjectConfigurationPlatforms) = postSolution
		{6527D98A-A801-42E4-9C85-ED73C0FC772D}.Debug|Any CPU.ActiveCfg = Debug|Any CPU
		{6527D98A-A801-42E4-9C85-ED73C0FC772D}.Debug|Any CPU.Build.0 = Debug|Any CPU
		{6527D98A-A801-42E4-9C85-ED73C0FC772D}.Release|Any CPU.ActiveCfg = Release|Any CPU
		{6527D98A-A801-42E4-9C85-ED73C0FC772D}.Release|Any CPU.Build.0 = Release|Any CPU
		{889DB56E-92D1-4372-A02C-8B7391E2A724}.Debug|Any CPU.ActiveCfg = Debug|Any CPU
		{889DB56E-92D1-4372-A02C-8B7391E2A724}.Debug|Any CPU.Build.0 = Debug|Any CPU
		{889DB56E-92D1-4372-A02C-8B7391E2A724}.Release|Any CPU.ActiveCfg = Release|Any CPU
		{889DB56E-92D1-4372-A02C-8B7391E2A724}.Release|Any CPU.Build.0 = Release|Any CPU
		{7103F875-85ED-452A-A1C8-36175DA36BED}.Debug|Any CPU.ActiveCfg = Debug|Any CPU
		{7103F875-85ED-452A-A1C8-36175DA36BED}.Debug|Any CPU.Build.0 = Debug|Any CPU
		{7103F875-85ED-452A-A1C8-36175DA36BED}.Release|Any CPU.ActiveCfg = Release|Any CPU
		{7103F875-85ED-452A-A1C8-36175DA36BED}.Release|Any CPU.Build.0 = Release|Any CPU
		{2CA11821-F259-4194-BA78-1CFA1F508FAF}.Debug|Any CPU.ActiveCfg = Debug|Any CPU
		{2CA11821-F259-4194-BA78-1CFA1F508FAF}.Debug|Any CPU.Build.0 = Debug|Any CPU
		{2CA11821-F259-4194-BA78-1CFA1F508FAF}.Release|Any CPU.ActiveCfg = Release|Any CPU
		{2CA11821-F259-4194-BA78-1CFA1F508FAF}.Release|Any CPU.Build.0 = Release|Any CPU
	EndGlobalSection
	GlobalSection(SolutionProperties) = preSolution
		HideSolutionNode = FALSE
	EndGlobalSection
	GlobalSection(ExtensibilityGlobals) = postSolution
		SolutionGuid = {654DCCB1-3DBB-4217-BAF6-D9F757F0467E}
	EndGlobalSection
EndGlobal
