
Microsoft Visual Studio Solution File, Format Version 12.00
# Visual Studio Version 16
VisualStudioVersion = 16.0.30114.105
MinimumVisualStudioVersion = 10.0.40219.1
Project("{FAE04EC0-301F-11D3-BF4B-00C04F79EFBC}") = "Blog", "Blog\Blog.csproj", "{1891970A-A27B-4BF8-B394-BDBE8E748678}"
EndProject
Global
	GlobalSection(SolutionConfigurationPlatforms) = preSolution
		Debug|Any CPU = Debug|Any CPU
		Release|Any CPU = Release|Any CPU
	EndGlobalSection
	GlobalSection(ProjectConfigurationPlatforms) = postSolution
		{1891970A-A27B-4BF8-B394-BDBE8E748678}.Debug|Any CPU.ActiveCfg = Debug|Any CPU
		{1891970A-A27B-4BF8-B394-BDBE8E748678}.Debug|Any CPU.Build.0 = Debug|Any CPU
		{1891970A-A27B-4BF8-B394-BDBE8E748678}.Release|Any CPU.ActiveCfg = Release|Any CPU
		{1891970A-A27B-4BF8-B394-BDBE8E748678}.Release|Any CPU.Build.0 = Release|Any CPU
	EndGlobalSection
	GlobalSection(SolutionProperties) = preSolution
		HideSolutionNode = FALSE
	EndGlobalSection
	GlobalSection(ExtensibilityGlobals) = postSolution
		SolutionGuid = {2A88A9CF-F2AA-40ED-89FE-E50103CF29C6}
	EndGlobalSection
EndGlobal
