
Microsoft Visual Studio Solution File, Format Version 12.00
# Visual Studio 15
VisualStudioVersion = 15.0.28307.1209
MinimumVisualStudioVersion = 10.0.40219.1
Project("{FAE04EC0-301F-11D3-BF4B-00C04F79EFBC}") = "DeptEmpApi", "DeptEmpApi\DeptEmpApi.csproj", "{FC35BABD-D0C8-4581-AC0E-38DBC07DBCE5}"
EndProject
Global
	GlobalSection(SolutionConfigurationPlatforms) = preSolution
		Debug|Any CPU = Debug|Any CPU
		Release|Any CPU = Release|Any CPU
	EndGlobalSection
	GlobalSection(ProjectConfigurationPlatforms) = postSolution
		{FC35BABD-D0C8-4581-AC0E-38DBC07DBCE5}.Debug|Any CPU.ActiveCfg = Debug|Any CPU
		{FC35BABD-D0C8-4581-AC0E-38DBC07DBCE5}.Debug|Any CPU.Build.0 = Debug|Any CPU
		{FC35BABD-D0C8-4581-AC0E-38DBC07DBCE5}.Release|Any CPU.ActiveCfg = Release|Any CPU
		{FC35BABD-D0C8-4581-AC0E-38DBC07DBCE5}.Release|Any CPU.Build.0 = Release|Any CPU
	EndGlobalSection
	GlobalSection(SolutionProperties) = preSolution
		HideSolutionNode = FALSE
	EndGlobalSection
	GlobalSection(ExtensibilityGlobals) = postSolution
		SolutionGuid = {CEEFDFC9-3A3D-4289-B9DF-E1F1FCA2DB64}
	EndGlobalSection
EndGlobal
