
Microsoft Visual Studio Solution File, Format Version 12.00
# Visual Studio 15
VisualStudioVersion = 15.0.28307.1209
MinimumVisualStudioVersion = 10.0.40219.1
Project("{FAE04EC0-301F-11D3-BF4B-00C04F79EFBC}") = "WPFUsingMVVM Framework", "WPFUsingMVVM Framework\WPFUsingMVVM Framework.csproj", "{A66D9793-D128-4009-B9F6-C305701221CD}"
EndProject
Global
	GlobalSection(SolutionConfigurationPlatforms) = preSolution
		Debug|Any CPU = Debug|Any CPU
		Release|Any CPU = Release|Any CPU
	EndGlobalSection
	GlobalSection(ProjectConfigurationPlatforms) = postSolution
		{A66D9793-D128-4009-B9F6-C305701221CD}.Debug|Any CPU.ActiveCfg = Debug|Any CPU
		{A66D9793-D128-4009-B9F6-C305701221CD}.Debug|Any CPU.Build.0 = Debug|Any CPU
		{A66D9793-D128-4009-B9F6-C305701221CD}.Release|Any CPU.ActiveCfg = Release|Any CPU
		{A66D9793-D128-4009-B9F6-C305701221CD}.Release|Any CPU.Build.0 = Release|Any CPU
	EndGlobalSection
	GlobalSection(SolutionProperties) = preSolution
		HideSolutionNode = FALSE
	EndGlobalSection
	GlobalSection(ExtensibilityGlobals) = postSolution
		SolutionGuid = {D5FA27EB-1F23-4252-A757-4273470D6B42}
	EndGlobalSection
EndGlobal
